
Microsoft Visual Studio Solution File, Format Version 12.00
# Visual Studio Version 17
VisualStudioVersion = 17.9.34607.119
MinimumVisualStudioVersion = 10.0.40219.1
Project("{9A19103F-16F7-4668-BE54-9A1E7A4F7556}") = "GUI", "GUI.csproj", "{17736F16-4EAB-417C-B13D-1F3B2879EAE4}"
EndProject
Project("{9092AA53-FB77-4645-B42D-1CCCA6BD08BD}") = "NodeConverter", "..\..\..\..\Desktop\minecraft-artifier-js-master\NodeConverter.njsproj", "{7716D904-5D28-4607-9D1F-DD211B34ADBA}"
EndProject
Global
	GlobalSection(SolutionConfigurationPlatforms) = preSolution
		Debug|Any CPU = Debug|Any CPU
		Node Server|Any CPU = Node Server|Any CPU
		Release|Any CPU = Release|Any CPU
	EndGlobalSection
	GlobalSection(ProjectConfigurationPlatforms) = postSolution
		{17736F16-4EAB-417C-B13D-1F3B2879EAE4}.Debug|Any CPU.ActiveCfg = Debug|Any CPU
		{17736F16-4EAB-417C-B13D-1F3B2879EAE4}.Debug|Any CPU.Build.0 = Debug|Any CPU
		{17736F16-4EAB-417C-B13D-1F3B2879EAE4}.Node Server|Any CPU.ActiveCfg = Release|Any CPU
		{17736F16-4EAB-417C-B13D-1F3B2879EAE4}.Node Server|Any CPU.Build.0 = Release|Any CPU
		{17736F16-4EAB-417C-B13D-1F3B2879EAE4}.Release|Any CPU.ActiveCfg = Release|Any CPU
		{17736F16-4EAB-417C-B13D-1F3B2879EAE4}.Release|Any CPU.Build.0 = Release|Any CPU
		{7716D904-5D28-4607-9D1F-DD211B34ADBA}.Debug|Any CPU.ActiveCfg = Debug|Any CPU
		{7716D904-5D28-4607-9D1F-DD211B34ADBA}.Debug|Any CPU.Build.0 = Debug|Any CPU
		{7716D904-5D28-4607-9D1F-DD211B34ADBA}.Node Server|Any CPU.ActiveCfg = Release|Any CPU
		{7716D904-5D28-4607-9D1F-DD211B34ADBA}.Node Server|Any CPU.Build.0 = Release|Any CPU
		{7716D904-5D28-4607-9D1F-DD211B34ADBA}.Release|Any CPU.ActiveCfg = Release|Any CPU
		{7716D904-5D28-4607-9D1F-DD211B34ADBA}.Release|Any CPU.Build.0 = Release|Any CPU
	EndGlobalSection
	GlobalSection(SolutionProperties) = preSolution
		HideSolutionNode = FALSE
	EndGlobalSection
	GlobalSection(ExtensibilityGlobals) = postSolution
		SolutionGuid = {FD38B6F4-99F1-4B61-990F-B04D6E44EB1B}
	EndGlobalSection
EndGlobal
